
Microsoft Visual Studio Solution File, Format Version 12.00
# Visual Studio Version 16
VisualStudioVersion = 16.0.30011.22
MinimumVisualStudioVersion = 10.0.40219.1
Project("{9A19103F-16F7-4668-BE54-9A1E7A4F7556}") = "OBD.NET.Common", "OBD.NET.Common\OBD.NET.Common.csproj", "{D985B70E-CDF3-4CF1-AB5D-8D19C7FE7B31}"
EndProject
Project("{FAE04EC0-301F-11D3-BF4B-00C04F79EFBC}") = "ODB.NET.Desktop", "ODB.NET.Desktop\ODB.NET.Desktop.csproj", "{14CB98E1-95DE-4923-8896-FDF5171AA49E}"
EndProject
Project("{FAE04EC0-301F-11D3-BF4B-00C04F79EFBC}") = "ODB.NET.ConsoleClient", "ODB.NET.ConsoleClient\ODB.NET.ConsoleClient.csproj", "{8F8EC5D5-94BD-47CF-9714-CA8C0198BDDC}"
EndProject
Project("{FAE04EC0-301F-11D3-BF4B-00C04F79EFBC}") = "Desktop Driver", "Desktop Driver\Desktop Driver.csproj", "{50987B14-E820-4D41-B2F4-0106184AF343}"
EndProject
Project("{FAE04EC0-301F-11D3-BF4B-00C04F79EFBC}") = "Unit Tests", "Unit Tests\Unit Tests.csproj", "{1E721322-D7EF-4CB4-B8CE-1015D4997658}"
EndProject
Global
	GlobalSection(SolutionConfigurationPlatforms) = preSolution
		Debug|Any CPU = Debug|Any CPU
		Debug|ARM = Debug|ARM
		Debug|x64 = Debug|x64
		Debug|x86 = Debug|x86
		Release|Any CPU = Release|Any CPU
		Release|ARM = Release|ARM
		Release|x64 = Release|x64
		Release|x86 = Release|x86
	EndGlobalSection
	GlobalSection(ProjectConfigurationPlatforms) = postSolution
		{D985B70E-CDF3-4CF1-AB5D-8D19C7FE7B31}.Debug|Any CPU.ActiveCfg = Debug|Any CPU
		{D985B70E-CDF3-4CF1-AB5D-8D19C7FE7B31}.Debug|Any CPU.Build.0 = Debug|Any CPU
		{D985B70E-CDF3-4CF1-AB5D-8D19C7FE7B31}.Debug|ARM.ActiveCfg = Debug|Any CPU
		{D985B70E-CDF3-4CF1-AB5D-8D19C7FE7B31}.Debug|ARM.Build.0 = Debug|Any CPU
		{D985B70E-CDF3-4CF1-AB5D-8D19C7FE7B31}.Debug|x64.ActiveCfg = Debug|Any CPU
		{D985B70E-CDF3-4CF1-AB5D-8D19C7FE7B31}.Debug|x64.Build.0 = Debug|Any CPU
		{D985B70E-CDF3-4CF1-AB5D-8D19C7FE7B31}.Debug|x86.ActiveCfg = Debug|Any CPU
		{D985B70E-CDF3-4CF1-AB5D-8D19C7FE7B31}.Debug|x86.Build.0 = Debug|Any CPU
		{D985B70E-CDF3-4CF1-AB5D-8D19C7FE7B31}.Release|Any CPU.ActiveCfg = Release|Any CPU
		{D985B70E-CDF3-4CF1-AB5D-8D19C7FE7B31}.Release|Any CPU.Build.0 = Release|Any CPU
		{D985B70E-CDF3-4CF1-AB5D-8D19C7FE7B31}.Release|ARM.ActiveCfg = Release|Any CPU
		{D985B70E-CDF3-4CF1-AB5D-8D19C7FE7B31}.Release|ARM.Build.0 = Release|Any CPU
		{D985B70E-CDF3-4CF1-AB5D-8D19C7FE7B31}.Release|x64.ActiveCfg = Release|Any CPU
		{D985B70E-CDF3-4CF1-AB5D-8D19C7FE7B31}.Release|x64.Build.0 = Release|Any CPU
		{D985B70E-CDF3-4CF1-AB5D-8D19C7FE7B31}.Release|x86.ActiveCfg = Release|Any CPU
		{D985B70E-CDF3-4CF1-AB5D-8D19C7FE7B31}.Release|x86.Build.0 = Release|Any CPU
		{14CB98E1-95DE-4923-8896-FDF5171AA49E}.Debug|Any CPU.ActiveCfg = Debug|Any CPU
		{14CB98E1-95DE-4923-8896-FDF5171AA49E}.Debug|Any CPU.Build.0 = Debug|Any CPU
		{14CB98E1-95DE-4923-8896-FDF5171AA49E}.Debug|ARM.ActiveCfg = Debug|Any CPU
		{14CB98E1-95DE-4923-8896-FDF5171AA49E}.Debug|ARM.Build.0 = Debug|Any CPU
		{14CB98E1-95DE-4923-8896-FDF5171AA49E}.Debug|x64.ActiveCfg = Debug|Any CPU
		{14CB98E1-95DE-4923-8896-FDF5171AA49E}.Debug|x64.Build.0 = Debug|Any CPU
		{14CB98E1-95DE-4923-8896-FDF5171AA49E}.Debug|x86.ActiveCfg = Debug|Any CPU
		{14CB98E1-95DE-4923-8896-FDF5171AA49E}.Debug|x86.Build.0 = Debug|Any CPU
		{14CB98E1-95DE-4923-8896-FDF5171AA49E}.Release|Any CPU.ActiveCfg = Release|Any CPU
		{14CB98E1-95DE-4923-8896-FDF5171AA49E}.Release|Any CPU.Build.0 = Release|Any CPU
		{14CB98E1-95DE-4923-8896-FDF5171AA49E}.Release|ARM.ActiveCfg = Release|Any CPU
		{14CB98E1-95DE-4923-8896-FDF5171AA49E}.Release|ARM.Build.0 = Release|Any CPU
		{14CB98E1-95DE-4923-8896-FDF5171AA49E}.Release|x64.ActiveCfg = Release|Any CPU
		{14CB98E1-95DE-4923-8896-FDF5171AA49E}.Release|x64.Build.0 = Release|Any CPU
		{14CB98E1-95DE-4923-8896-FDF5171AA49E}.Release|x86.ActiveCfg = Release|Any CPU
		{14CB98E1-95DE-4923-8896-FDF5171AA49E}.Release|x86.Build.0 = Release|Any CPU
		{8F8EC5D5-94BD-47CF-9714-CA8C0198BDDC}.Debug|Any CPU.ActiveCfg = Debug|Any CPU
		{8F8EC5D5-94BD-47CF-9714-CA8C0198BDDC}.Debug|Any CPU.Build.0 = Debug|Any CPU
		{8F8EC5D5-94BD-47CF-9714-CA8C0198BDDC}.Debug|ARM.ActiveCfg = Debug|Any CPU
		{8F8EC5D5-94BD-47CF-9714-CA8C0198BDDC}.Debug|ARM.Build.0 = Debug|Any CPU
		{8F8EC5D5-94BD-47CF-9714-CA8C0198BDDC}.Debug|x64.ActiveCfg = Debug|Any CPU
		{8F8EC5D5-94BD-47CF-9714-CA8C0198BDDC}.Debug|x64.Build.0 = Debug|Any CPU
		{8F8EC5D5-94BD-47CF-9714-CA8C0198BDDC}.Debug|x86.ActiveCfg = Debug|Any CPU
		{8F8EC5D5-94BD-47CF-9714-CA8C0198BDDC}.Debug|x86.Build.0 = Debug|Any CPU
		{8F8EC5D5-94BD-47CF-9714-CA8C0198BDDC}.Release|Any CPU.ActiveCfg = Release|Any CPU
		{8F8EC5D5-94BD-47CF-9714-CA8C0198BDDC}.Release|Any CPU.Build.0 = Release|Any CPU
		{8F8EC5D5-94BD-47CF-9714-CA8C0198BDDC}.Release|ARM.ActiveCfg = Release|Any CPU
		{8F8EC5D5-94BD-47CF-9714-CA8C0198BDDC}.Release|ARM.Build.0 = Release|Any CPU
		{8F8EC5D5-94BD-47CF-9714-CA8C0198BDDC}.Release|x64.ActiveCfg = Release|Any CPU
		{8F8EC5D5-94BD-47CF-9714-CA8C0198BDDC}.Release|x64.Build.0 = Release|Any CPU
		{8F8EC5D5-94BD-47CF-9714-CA8C0198BDDC}.Release|x86.ActiveCfg = Release|Any CPU
		{8F8EC5D5-94BD-47CF-9714-CA8C0198BDDC}.Release|x86.Build.0 = Release|Any CPU
		{50987B14-E820-4D41-B2F4-0106184AF343}.Debug|Any CPU.ActiveCfg = Debug|Any CPU
		{50987B14-E820-4D41-B2F4-0106184AF343}.Debug|Any CPU.Build.0 = Debug|Any CPU
		{50987B14-E820-4D41-B2F4-0106184AF343}.Debug|ARM.ActiveCfg = Debug|Any CPU
		{50987B14-E820-4D41-B2F4-0106184AF343}.Debug|ARM.Build.0 = Debug|Any CPU
		{50987B14-E820-4D41-B2F4-0106184AF343}.Debug|x64.ActiveCfg = Debug|Any CPU
		{50987B14-E820-4D41-B2F4-0106184AF343}.Debug|x64.Build.0 = Debug|Any CPU
		{50987B14-E820-4D41-B2F4-0106184AF343}.Debug|x86.ActiveCfg = Debug|Any CPU
		{50987B14-E820-4D41-B2F4-0106184AF343}.Debug|x86.Build.0 = Debug|Any CPU
		{50987B14-E820-4D41-B2F4-0106184AF343}.Release|Any CPU.ActiveCfg = Release|Any CPU
		{50987B14-E820-4D41-B2F4-0106184AF343}.Release|Any CPU.Build.0 = Release|Any CPU
		{50987B14-E820-4D41-B2F4-0106184AF343}.Release|ARM.ActiveCfg = Release|Any CPU
		{50987B14-E820-4D41-B2F4-0106184AF343}.Release|ARM.Build.0 = Release|Any CPU
		{50987B14-E820-4D41-B2F4-0106184AF343}.Release|x64.ActiveCfg = Release|Any CPU
		{50987B14-E820-4D41-B2F4-0106184AF343}.Release|x64.Build.0 = Release|Any CPU
		{50987B14-E820-4D41-B2F4-0106184AF343}.Release|x86.ActiveCfg = Release|Any CPU
		{50987B14-E820-4D41-B2F4-0106184AF343}.Release|x86.Build.0 = Release|Any CPU
		{1E721322-D7EF-4CB4-B8CE-1015D4997658}.Debug|Any CPU.ActiveCfg = Debug|Any CPU
		{1E721322-D7EF-4CB4-B8CE-1015D4997658}.Debug|Any CPU.Build.0 = Debug|Any CPU
		{1E721322-D7EF-4CB4-B8CE-1015D4997658}.Debug|ARM.ActiveCfg = Debug|Any CPU
		{1E721322-D7EF-4CB4-B8CE-1015D4997658}.Debug|ARM.Build.0 = Debug|Any CPU
		{1E721322-D7EF-4CB4-B8CE-1015D4997658}.Debug|x64.ActiveCfg = Debug|Any CPU
		{1E721322-D7EF-4CB4-B8CE-1015D4997658}.Debug|x64.Build.0 = Debug|Any CPU
		{1E721322-D7EF-4CB4-B8CE-1015D4997658}.Debug|x86.ActiveCfg = Debug|Any CPU
		{1E721322-D7EF-4CB4-B8CE-1015D4997658}.Debug|x86.Build.0 = Debug|Any CPU
		{1E721322-D7EF-4CB4-B8CE-1015D4997658}.Release|Any CPU.ActiveCfg = Release|Any CPU
		{1E721322-D7EF-4CB4-B8CE-1015D4997658}.Release|Any CPU.Build.0 = Release|Any CPU
		{1E721322-D7EF-4CB4-B8CE-1015D4997658}.Release|ARM.ActiveCfg = Release|Any CPU
		{1E721322-D7EF-4CB4-B8CE-1015D4997658}.Release|ARM.Build.0 = Release|Any CPU
		{1E721322-D7EF-4CB4-B8CE-1015D4997658}.Release|x64.ActiveCfg = Release|Any CPU
		{1E721322-D7EF-4CB4-B8CE-1015D4997658}.Release|x64.Build.0 = Release|Any CPU
		{1E721322-D7EF-4CB4-B8CE-1015D4997658}.Release|x86.ActiveCfg = Release|Any CPU
		{1E721322-D7EF-4CB4-B8CE-1015D4997658}.Release|x86.Build.0 = Release|Any CPU
	EndGlobalSection
	GlobalSection(SolutionProperties) = preSolution
		HideSolutionNode = FALSE
	EndGlobalSection
	GlobalSection(ExtensibilityGlobals) = postSolution
		SolutionGuid = {621AE775-D16C-466B-ABB1-A73FDCD4A7BB}
	EndGlobalSection
EndGlobal
